
Microsoft Visual Studio Solution File, Format Version 12.00
# Visual Studio Version 17
VisualStudioVersion = 17.2.32516.85
MinimumVisualStudioVersion = 10.0.40219.1
Project("{FAE04EC0-301F-11D3-BF4B-00C04F79EFBC}") = "DataLayer", "DataLayer\DataLayer.csproj", "{EF093A08-591D-40EA-B8EE-94784E91A73B}"
EndProject
Project("{FAE04EC0-301F-11D3-BF4B-00C04F79EFBC}") = "DataLayerTests", "DataLayerTests\DataLayerTests.csproj", "{143F4C34-7EEB-4870-A640-E748AD7153B4}"
EndProject
Project("{FAE04EC0-301F-11D3-BF4B-00C04F79EFBC}") = "ServiceLayer", "ServiceLayer\ServiceLayer.csproj", "{A5C77CAF-567D-4173-95FE-8F823347C18B}"
EndProject
Project("{FAE04EC0-301F-11D3-BF4B-00C04F79EFBC}") = "ServiceLayerTests", "ServiceLayerTests\ServiceLayerTests.csproj", "{9931E0A0-F3E6-41CA-B3C2-21886EBD27B2}"
EndProject
Global
	GlobalSection(SolutionConfigurationPlatforms) = preSolution
		Debug|Any CPU = Debug|Any CPU
		Release|Any CPU = Release|Any CPU
	EndGlobalSection
	GlobalSection(ProjectConfigurationPlatforms) = postSolution
		{EF093A08-591D-40EA-B8EE-94784E91A73B}.Debug|Any CPU.ActiveCfg = Debug|Any CPU
		{EF093A08-591D-40EA-B8EE-94784E91A73B}.Debug|Any CPU.Build.0 = Debug|Any CPU
		{EF093A08-591D-40EA-B8EE-94784E91A73B}.Release|Any CPU.ActiveCfg = Release|Any CPU
		{EF093A08-591D-40EA-B8EE-94784E91A73B}.Release|Any CPU.Build.0 = Release|Any CPU
		{143F4C34-7EEB-4870-A640-E748AD7153B4}.Debug|Any CPU.ActiveCfg = Debug|Any CPU
		{143F4C34-7EEB-4870-A640-E748AD7153B4}.Debug|Any CPU.Build.0 = Debug|Any CPU
		{143F4C34-7EEB-4870-A640-E748AD7153B4}.Release|Any CPU.ActiveCfg = Release|Any CPU
		{143F4C34-7EEB-4870-A640-E748AD7153B4}.Release|Any CPU.Build.0 = Release|Any CPU
		{A5C77CAF-567D-4173-95FE-8F823347C18B}.Debug|Any CPU.ActiveCfg = Debug|Any CPU
		{A5C77CAF-567D-4173-95FE-8F823347C18B}.Debug|Any CPU.Build.0 = Debug|Any CPU
		{A5C77CAF-567D-4173-95FE-8F823347C18B}.Release|Any CPU.ActiveCfg = Release|Any CPU
		{A5C77CAF-567D-4173-95FE-8F823347C18B}.Release|Any CPU.Build.0 = Release|Any CPU
		{9931E0A0-F3E6-41CA-B3C2-21886EBD27B2}.Debug|Any CPU.ActiveCfg = Debug|Any CPU
		{9931E0A0-F3E6-41CA-B3C2-21886EBD27B2}.Debug|Any CPU.Build.0 = Debug|Any CPU
		{9931E0A0-F3E6-41CA-B3C2-21886EBD27B2}.Release|Any CPU.ActiveCfg = Release|Any CPU
		{9931E0A0-F3E6-41CA-B3C2-21886EBD27B2}.Release|Any CPU.Build.0 = Release|Any CPU
	EndGlobalSection
	GlobalSection(SolutionProperties) = preSolution
		HideSolutionNode = FALSE
	EndGlobalSection
	GlobalSection(ExtensibilityGlobals) = postSolution
		SolutionGuid = {75A35E89-F8DD-49D1-B175-8CB686A64E1E}
	EndGlobalSection
EndGlobal
